
Microsoft Visual Studio Solution File, Format Version 12.00
# Visual Studio Version 16
VisualStudioVersion = 16.0.32126.315
MinimumVisualStudioVersion = 10.0.40219.1
Project("{FAE04EC0-301F-11D3-BF4B-00C04F79EFBC}") = "asistencia_rips_APP", "asistencia_rips_APP.csproj", "{069513E6-B3CB-425E-A6A5-7BC7DFFE2277}"
EndProject
Global
	GlobalSection(SolutionConfigurationPlatforms) = preSolution
		Debug|Any CPU = Debug|Any CPU
		Release|Any CPU = Release|Any CPU
	EndGlobalSection
	GlobalSection(ProjectConfigurationPlatforms) = postSolution
		{069513E6-B3CB-425E-A6A5-7BC7DFFE2277}.Debug|Any CPU.ActiveCfg = Debug|Any CPU
		{069513E6-B3CB-425E-A6A5-7BC7DFFE2277}.Debug|Any CPU.Build.0 = Debug|Any CPU
		{069513E6-B3CB-425E-A6A5-7BC7DFFE2277}.Release|Any CPU.ActiveCfg = Release|Any CPU
		{069513E6-B3CB-425E-A6A5-7BC7DFFE2277}.Release|Any CPU.Build.0 = Release|Any CPU
	EndGlobalSection
	GlobalSection(SolutionProperties) = preSolution
		HideSolutionNode = FALSE
	EndGlobalSection
	GlobalSection(ExtensibilityGlobals) = postSolution
		SolutionGuid = {88DF076E-9700-46D3-8FEB-22FE565E8A15}
	EndGlobalSection
EndGlobal
